// !$*UTF8*$!
{
	archiveVersion = 1;
	classes = {
	};
	objectVersion = 77;
	objects = {

/* Begin PBXBuildFile section */
		01BA7E75EE871E15B772A475 /* ParserActorSupport.swift in Sources */ = {isa = PBXBuildFile; fileRef = B7C7327A6155161C2C7B09CE /* ParserActorSupport.swift */; };
		09B00D9624EEB48DCF1CED77 /* ConnectionModelTests.swift in Sources */ = {isa = PBXBuildFile; fileRef = FC618C3030669A58E650FC53 /* ConnectionModelTests.swift */; };
		0A37B46631C09EB022B91999 /* WorkspaceSessionStore.swift in Sources */ = {isa = PBXBuildFile; fileRef = 6C9A6999274AAB9CA7E0E5DF /* WorkspaceSessionStore.swift */; };
		126F1F2E6A74A9F1358D33A7 /* TailscaleHostImport.swift in Sources */ = {isa = PBXBuildFile; fileRef = A53EAFCE919B8B842360534F /* TailscaleHostImport.swift */; };
		1A27F80BD8BA8845F5431492 /* TailscaleImportInbox.swift in Sources */ = {isa = PBXBuildFile; fileRef = BF3D87F64507E681986AEBE8 /* TailscaleImportInbox.swift */; };
		280E96841D6B5FB2DA1950EA /* TerminalRender in Frameworks */ = {isa = PBXBuildFile; productRef = 0130968861023AF2207E184C /* TerminalRender */; };
		34789C86E04E9350FF66A3F2 /* GhosttyEngine in Frameworks */ = {isa = PBXBuildFile; productRef = 33892EBDFF6FA3FEA57EB471 /* GhosttyEngine */; };
		3492C275BD7A4FCD99475FF6 /* ThirdPartyNotices.txt in Resources */ = {isa = PBXBuildFile; fileRef = ABDE0513C54E763730592D8B /* ThirdPartyNotices.txt */; };
		375F741B0F46FCFBDD506F79 /* TerminalViewportTests.swift in Sources */ = {isa = PBXBuildFile; fileRef = C11265FA4D2A5C381E689173 /* TerminalViewportTests.swift */; };
		407DB701B5407F8FC90DAD8E /* WorkspaceSessionStoreTests.swift in Sources */ = {isa = PBXBuildFile; fileRef = 37332A336F0E66A67B9D04C1 /* WorkspaceSessionStoreTests.swift */; };
		434804C23161B0F2B6237EDD /* KeyboardResizeUITests.swift in Sources */ = {isa = PBXBuildFile; fileRef = DC54B35541FEAEB0228D113C /* KeyboardResizeUITests.swift */; };
		452F0962A60927EC0305DFA4 /* TerminalCore in Frameworks */ = {isa = PBXBuildFile; productRef = 4E52DB1E4E668CA302F66D9C /* TerminalCore */; };
		51E87D6176851F433B89E663 /* PrivacyInfo.xcprivacy in Resources */ = {isa = PBXBuildFile; fileRef = B938712F465427A4BB544D1E /* PrivacyInfo.xcprivacy */; };
		55459D363C125EAF131E7468 /* TerminalFontLibrary.swift in Sources */ = {isa = PBXBuildFile; fileRef = 1E7DD19FF9DCC45E75A2F9D9 /* TerminalFontLibrary.swift */; };
		56871077B21118045B3150B3 /* iOSSHApp.swift in Sources */ = {isa = PBXBuildFile; fileRef = A820ABD787EFF5FD17D36CD0 /* iOSSHApp.swift */; };
		62771FFD9ACCA67D5D9B5D86 /* iPadWorkspaceUITests.swift in Sources */ = {isa = PBXBuildFile; fileRef = 6D1E0C43310C3EB044EB52DB /* iPadWorkspaceUITests.swift */; };
		706F45A9C7157D1CA3EA654C /* ConnectionModel.swift in Sources */ = {isa = PBXBuildFile; fileRef = FE7715EA1A26DB00BC41EB0C /* ConnectionModel.swift */; };
		85A7403002AEFDFC2C5BF570 /* TerminalResizeTests.swift in Sources */ = {isa = PBXBuildFile; fileRef = 0142BF3A0264E4CB2FC4A704 /* TerminalResizeTests.swift */; };
		8D2E35E605963429BD612C59 /* TerminalScreen.swift in Sources */ = {isa = PBXBuildFile; fileRef = 7188BD088FE6300D2A9269FB /* TerminalScreen.swift */; };
		8F4B8DAFEB8A0D194C6CF2C0 /* TailscaleImportPresentationTests.swift in Sources */ = {isa = PBXBuildFile; fileRef = 63EC633085171C49B8D95F72 /* TailscaleImportPresentationTests.swift */; };
		903CE9BF45D214388BF6D148 /* iOSSHUITests.swift in Sources */ = {isa = PBXBuildFile; fileRef = 0660D09E764518561AAAB9CE /* iOSSHUITests.swift */; };
		915A3A7E7C7CE63EE678F12A /* TailscaleImportInboxTests.swift in Sources */ = {isa = PBXBuildFile; fileRef = 65B1CB2968F3BCF2DEA5E2EC /* TailscaleImportInboxTests.swift */; };
		98D885FE7E950703592F9A9C /* HostRecord.swift in Sources */ = {isa = PBXBuildFile; fileRef = 731526C7B108797D5F45E403 /* HostRecord.swift */; };
		A917570701758B4830BAF55F /* SSHCore in Frameworks */ = {isa = PBXBuildFile; productRef = 38163878A4BC6D62D763B30D /* SSHCore */; };
		AB1D90C2A88DAC5B0A78F4AE /* SettingsView.swift in Sources */ = {isa = PBXBuildFile; fileRef = 2EA31AA44F8518AA368AF766 /* SettingsView.swift */; };
		B3F89ED2F0A6C38B69BAFC31 /* HostEditorView.swift in Sources */ = {isa = PBXBuildFile; fileRef = E782EE91A91CF8D57B4C2647 /* HostEditorView.swift */; };
		BA6AECCD800D72CE129DC4E4 /* TerminalFontTests.swift in Sources */ = {isa = PBXBuildFile; fileRef = B77019520186EBCCB9A49939 /* TerminalFontTests.swift */; };
		BE99510FCB268470B6D7B28F /* TailscaleAuthentication.swift in Sources */ = {isa = PBXBuildFile; fileRef = 0FFC2F0CD866D558B0ED0BBC /* TailscaleAuthentication.swift */; };
		C751C5F514747A2B374CE4F1 /* WorkspaceLayoutTests.swift in Sources */ = {isa = PBXBuildFile; fileRef = BD652AE272B9A63048557543 /* WorkspaceLayoutTests.swift */; };
		C7969DFDF165C28DBB2963D6 /* TerminalFontLibraryTests.swift in Sources */ = {isa = PBXBuildFile; fileRef = 8CB0BC27787CF8C4490CD014 /* TerminalFontLibraryTests.swift */; };
		D18D09E95C6FB0D022EE139E /* TerminalInputTests.swift in Sources */ = {isa = PBXBuildFile; fileRef = C3481CB020510DBA908C3300 /* TerminalInputTests.swift */; };
		D341BFE2D1EA934CE964B2A0 /* TerminalBlockGraphicsTests.swift in Sources */ = {isa = PBXBuildFile; fileRef = 5E6B331D739759053C031371 /* TerminalBlockGraphicsTests.swift */; };
		DF146B154BAA8213E7B1B8E9 /* Import Tailscale Hosts.shortcut in Resources */ = {isa = PBXBuildFile; fileRef = 63B7BC0CF805FC4D8AF1B475 /* Import Tailscale Hosts.shortcut */; };
		E299A2FA4BEE670E0E2B52B9 /* TailscaleHostImportTests.swift in Sources */ = {isa = PBXBuildFile; fileRef = CEA5544B29897C3F1E2591D5 /* TailscaleHostImportTests.swift */; };
		E70691CE9ADDC45D2BEB9E91 /* Assets.xcassets in Resources */ = {isa = PBXBuildFile; fileRef = F9211EEB2F9FE7191DDA0A91 /* Assets.xcassets */; };
		E91839CE51901FE6F41107AE /* TerminalOutputTests.swift in Sources */ = {isa = PBXBuildFile; fileRef = 79832E5C775352D87B6AA169 /* TerminalOutputTests.swift */; };
		EEBBF911C1080FB513189120 /* TailscaleImportView.swift in Sources */ = {isa = PBXBuildFile; fileRef = 35A037EB5FE89576681C48D4 /* TailscaleImportView.swift */; };
		EFBBA1911C95BC26AB6B7E43 /* TailscaleImportUITests.swift in Sources */ = {isa = PBXBuildFile; fileRef = 27587AAB792BED1360F24EF3 /* TailscaleImportUITests.swift */; };
		F009168C381D399C08D1F85C /* HostListView.swift in Sources */ = {isa = PBXBuildFile; fileRef = 3CE3DBF767613DEA56210592 /* HostListView.swift */; };
/* End PBXBuildFile section */

/* Begin PBXContainerItemProxy section */
		F33085528020B21154F82EFC /* PBXContainerItemProxy */ = {
			isa = PBXContainerItemProxy;
			containerPortal = 790875DD39E287483C04FCFE /* Project object */;
			proxyType = 1;
			remoteGlobalIDString = 536BE2A081DF16EA301C2AA6;
			remoteInfo = iOSSH;
		};
		F808CF76FC8BAAE2A19F13AC /* PBXContainerItemProxy */ = {
			isa = PBXContainerItemProxy;
			containerPortal = 790875DD39E287483C04FCFE /* Project object */;
			proxyType = 1;
			remoteGlobalIDString = 536BE2A081DF16EA301C2AA6;
			remoteInfo = iOSSH;
		};
/* End PBXContainerItemProxy section */

/* Begin PBXFileReference section */
		0142BF3A0264E4CB2FC4A704 /* TerminalResizeTests.swift */ = {isa = PBXFileReference; lastKnownFileType = sourcecode.swift; path = TerminalResizeTests.swift; sourceTree = "<group>"; };
		0660D09E764518561AAAB9CE /* iOSSHUITests.swift */ = {isa = PBXFileReference; lastKnownFileType = sourcecode.swift; path = iOSSHUITests.swift; sourceTree = "<group>"; };
		0FFC2F0CD866D558B0ED0BBC /* TailscaleAuthentication.swift */ = {isa = PBXFileReference; lastKnownFileType = sourcecode.swift; path = TailscaleAuthentication.swift; sourceTree = "<group>"; };
		1E7DD19FF9DCC45E75A2F9D9 /* TerminalFontLibrary.swift */ = {isa = PBXFileReference; lastKnownFileType = sourcecode.swift; path = TerminalFontLibrary.swift; sourceTree = "<group>"; };
		27587AAB792BED1360F24EF3 /* TailscaleImportUITests.swift */ = {isa = PBXFileReference; lastKnownFileType = sourcecode.swift; path = TailscaleImportUITests.swift; sourceTree = "<group>"; };
		2EA31AA44F8518AA368AF766 /* SettingsView.swift */ = {isa = PBXFileReference; lastKnownFileType = sourcecode.swift; path = SettingsView.swift; sourceTree = "<group>"; };
		35A037EB5FE89576681C48D4 /* TailscaleImportView.swift */ = {isa = PBXFileReference; lastKnownFileType = sourcecode.swift; path = TailscaleImportView.swift; sourceTree = "<group>"; };
		37332A336F0E66A67B9D04C1 /* WorkspaceSessionStoreTests.swift */ = {isa = PBXFileReference; lastKnownFileType = sourcecode.swift; path = WorkspaceSessionStoreTests.swift; sourceTree = "<group>"; };
		39B02CC9A8E0EC4194268803 /* iOSSHUITests.xctest */ = {isa = PBXFileReference; includeInIndex = 0; lastKnownFileType = wrapper.cfbundle; path = iOSSHUITests.xctest; sourceTree = BUILT_PRODUCTS_DIR; };
		3CE3DBF767613DEA56210592 /* HostListView.swift */ = {isa = PBXFileReference; lastKnownFileType = sourcecode.swift; path = HostListView.swift; sourceTree = "<group>"; };
		4916B8C433035DB9827E8DF6 /* SSHCore */ = {isa = PBXFileReference; lastKnownFileType = folder; name = SSHCore; path = Packages/SSHCore; sourceTree = SOURCE_ROOT; };
		5E6B331D739759053C031371 /* TerminalBlockGraphicsTests.swift */ = {isa = PBXFileReference; lastKnownFileType = sourcecode.swift; path = TerminalBlockGraphicsTests.swift; sourceTree = "<group>"; };
		63B7BC0CF805FC4D8AF1B475 /* Import Tailscale Hosts.shortcut */ = {isa = PBXFileReference; path = "Import Tailscale Hosts.shortcut"; sourceTree = "<group>"; };
		63EC633085171C49B8D95F72 /* TailscaleImportPresentationTests.swift */ = {isa = PBXFileReference; lastKnownFileType = sourcecode.swift; path = TailscaleImportPresentationTests.swift; sourceTree = "<group>"; };
		6582940BDC26ABD3D4A5ECC0 /* iOSSH.app */ = {isa = PBXFileReference; includeInIndex = 0; lastKnownFileType = wrapper.application; path = iOSSH.app; sourceTree = BUILT_PRODUCTS_DIR; };
		65B1CB2968F3BCF2DEA5E2EC /* TailscaleImportInboxTests.swift */ = {isa = PBXFileReference; lastKnownFileType = sourcecode.swift; path = TailscaleImportInboxTests.swift; sourceTree = "<group>"; };
		6C9A6999274AAB9CA7E0E5DF /* WorkspaceSessionStore.swift */ = {isa = PBXFileReference; lastKnownFileType = sourcecode.swift; path = WorkspaceSessionStore.swift; sourceTree = "<group>"; };
		6D1E0C43310C3EB044EB52DB /* iPadWorkspaceUITests.swift */ = {isa = PBXFileReference; lastKnownFileType = sourcecode.swift; path = iPadWorkspaceUITests.swift; sourceTree = "<group>"; };
		7188BD088FE6300D2A9269FB /* TerminalScreen.swift */ = {isa = PBXFileReference; lastKnownFileType = sourcecode.swift; path = TerminalScreen.swift; sourceTree = "<group>"; };
		731526C7B108797D5F45E403 /* HostRecord.swift */ = {isa = PBXFileReference; lastKnownFileType = sourcecode.swift; path = HostRecord.swift; sourceTree = "<group>"; };
		79832E5C775352D87B6AA169 /* TerminalOutputTests.swift */ = {isa = PBXFileReference; lastKnownFileType = sourcecode.swift; path = TerminalOutputTests.swift; sourceTree = "<group>"; };
		8CB0BC27787CF8C4490CD014 /* TerminalFontLibraryTests.swift */ = {isa = PBXFileReference; lastKnownFileType = sourcecode.swift; path = TerminalFontLibraryTests.swift; sourceTree = "<group>"; };
		911D7DEF8CB2D674031B953C /* GhosttyEngine */ = {isa = PBXFileReference; lastKnownFileType = folder; name = GhosttyEngine; path = spike/GhosttyEngine; sourceTree = SOURCE_ROOT; };
		9DD4F05CEEF4A486E17BCFC1 /* TerminalCore */ = {isa = PBXFileReference; lastKnownFileType = folder; name = TerminalCore; path = Packages/TerminalCore; sourceTree = SOURCE_ROOT; };
		A53EAFCE919B8B842360534F /* TailscaleHostImport.swift */ = {isa = PBXFileReference; lastKnownFileType = sourcecode.swift; path = TailscaleHostImport.swift; sourceTree = "<group>"; };
		A65499EC7081306038E361E1 /* Info.plist */ = {isa = PBXFileReference; lastKnownFileType = text.plist; path = Info.plist; sourceTree = "<group>"; };
		A820ABD787EFF5FD17D36CD0 /* iOSSHApp.swift */ = {isa = PBXFileReference; lastKnownFileType = sourcecode.swift; path = iOSSHApp.swift; sourceTree = "<group>"; };
		ABDE0513C54E763730592D8B /* ThirdPartyNotices.txt */ = {isa = PBXFileReference; lastKnownFileType = text; path = ThirdPartyNotices.txt; sourceTree = "<group>"; };
		B77019520186EBCCB9A49939 /* TerminalFontTests.swift */ = {isa = PBXFileReference; lastKnownFileType = sourcecode.swift; path = TerminalFontTests.swift; sourceTree = "<group>"; };
		B7C7327A6155161C2C7B09CE /* ParserActorSupport.swift */ = {isa = PBXFileReference; lastKnownFileType = sourcecode.swift; path = ParserActorSupport.swift; sourceTree = "<group>"; };
		B938712F465427A4BB544D1E /* PrivacyInfo.xcprivacy */ = {isa = PBXFileReference; path = PrivacyInfo.xcprivacy; sourceTree = "<group>"; };
		BD652AE272B9A63048557543 /* WorkspaceLayoutTests.swift */ = {isa = PBXFileReference; lastKnownFileType = sourcecode.swift; path = WorkspaceLayoutTests.swift; sourceTree = "<group>"; };
		BF3D87F64507E681986AEBE8 /* TailscaleImportInbox.swift */ = {isa = PBXFileReference; lastKnownFileType = sourcecode.swift; path = TailscaleImportInbox.swift; sourceTree = "<group>"; };
		C11265FA4D2A5C381E689173 /* TerminalViewportTests.swift */ = {isa = PBXFileReference; lastKnownFileType = sourcecode.swift; path = TerminalViewportTests.swift; sourceTree = "<group>"; };
		C3481CB020510DBA908C3300 /* TerminalInputTests.swift */ = {isa = PBXFileReference; lastKnownFileType = sourcecode.swift; path = TerminalInputTests.swift; sourceTree = "<group>"; };
		CEA5544B29897C3F1E2591D5 /* TailscaleHostImportTests.swift */ = {isa = PBXFileReference; lastKnownFileType = sourcecode.swift; path = TailscaleHostImportTests.swift; sourceTree = "<group>"; };
		DC54B35541FEAEB0228D113C /* KeyboardResizeUITests.swift */ = {isa = PBXFileReference; lastKnownFileType = sourcecode.swift; path = KeyboardResizeUITests.swift; sourceTree = "<group>"; };
		DDCDC6BD4F31DC56C1FB8334 /* iOSSHTests.xctest */ = {isa = PBXFileReference; includeInIndex = 0; lastKnownFileType = wrapper.cfbundle; path = iOSSHTests.xctest; sourceTree = BUILT_PRODUCTS_DIR; };
		E782EE91A91CF8D57B4C2647 /* HostEditorView.swift */ = {isa = PBXFileReference; lastKnownFileType = sourcecode.swift; path = HostEditorView.swift; sourceTree = "<group>"; };
		EC2D89A4577901E0FF70B5FB /* TerminalRender */ = {isa = PBXFileReference; lastKnownFileType = folder; name = TerminalRender; path = Packages/TerminalRender; sourceTree = SOURCE_ROOT; };
		F9211EEB2F9FE7191DDA0A91 /* Assets.xcassets */ = {isa = PBXFileReference; lastKnownFileType = folder.assetcatalog; path = Assets.xcassets; sourceTree = "<group>"; };
		FC618C3030669A58E650FC53 /* ConnectionModelTests.swift */ = {isa = PBXFileReference; lastKnownFileType = sourcecode.swift; path = ConnectionModelTests.swift; sourceTree = "<group>"; };
		FE7715EA1A26DB00BC41EB0C /* ConnectionModel.swift */ = {isa = PBXFileReference; lastKnownFileType = sourcecode.swift; path = ConnectionModel.swift; sourceTree = "<group>"; };
/* End PBXFileReference section */

/* Begin PBXFrameworksBuildPhase section */
		B8C17272D2EE80AB1044E748 /* Frameworks */ = {
			isa = PBXFrameworksBuildPhase;
			buildActionMask = 2147483647;
			files = (
				A917570701758B4830BAF55F /* SSHCore in Frameworks */,
				452F0962A60927EC0305DFA4 /* TerminalCore in Frameworks */,
				280E96841D6B5FB2DA1950EA /* TerminalRender in Frameworks */,
				34789C86E04E9350FF66A3F2 /* GhosttyEngine in Frameworks */,
			);
			runOnlyForDeploymentPostprocessing = 0;
		};
/* End PBXFrameworksBuildPhase section */

/* Begin PBXGroup section */
		2B0396B1E13EE6C041A1E2C4 /* Products */ = {
			isa = PBXGroup;
			children = (
				6582940BDC26ABD3D4A5ECC0 /* iOSSH.app */,
				DDCDC6BD4F31DC56C1FB8334 /* iOSSHTests.xctest */,
				39B02CC9A8E0EC4194268803 /* iOSSHUITests.xctest */,
			);
			name = Products;
			sourceTree = "<group>";
		};
		7C6ED21E989E54A1A711399C /* UITests */ = {
			isa = PBXGroup;
			children = (
				0660D09E764518561AAAB9CE /* iOSSHUITests.swift */,
				6D1E0C43310C3EB044EB52DB /* iPadWorkspaceUITests.swift */,
				DC54B35541FEAEB0228D113C /* KeyboardResizeUITests.swift */,
				27587AAB792BED1360F24EF3 /* TailscaleImportUITests.swift */,
			);
			path = UITests;
			sourceTree = "<group>";
		};
		80A944E8A9C6E90BB7D50E9B /* AppTests */ = {
			isa = PBXGroup;
			children = (
				FC618C3030669A58E650FC53 /* ConnectionModelTests.swift */,
				B7C7327A6155161C2C7B09CE /* ParserActorSupport.swift */,
				CEA5544B29897C3F1E2591D5 /* TailscaleHostImportTests.swift */,
				65B1CB2968F3BCF2DEA5E2EC /* TailscaleImportInboxTests.swift */,
				63EC633085171C49B8D95F72 /* TailscaleImportPresentationTests.swift */,
				5E6B331D739759053C031371 /* TerminalBlockGraphicsTests.swift */,
				8CB0BC27787CF8C4490CD014 /* TerminalFontLibraryTests.swift */,
				B77019520186EBCCB9A49939 /* TerminalFontTests.swift */,
				C3481CB020510DBA908C3300 /* TerminalInputTests.swift */,
				79832E5C775352D87B6AA169 /* TerminalOutputTests.swift */,
				0142BF3A0264E4CB2FC4A704 /* TerminalResizeTests.swift */,
				C11265FA4D2A5C381E689173 /* TerminalViewportTests.swift */,
				BD652AE272B9A63048557543 /* WorkspaceLayoutTests.swift */,
				37332A336F0E66A67B9D04C1 /* WorkspaceSessionStoreTests.swift */,
			);
			path = AppTests;
			sourceTree = "<group>";
		};
		81C89A0121B536FEDAD70BA2 = {
			isa = PBXGroup;
			children = (
				E30CAA5A4EA2066B45925270 /* App */,
				80A944E8A9C6E90BB7D50E9B /* AppTests */,
				B9564A5D52A397E34DAF1DE6 /* Packages */,
				F00F91F5FF05EAE553F61F79 /* shortcuts */,
				7C6ED21E989E54A1A711399C /* UITests */,
				2B0396B1E13EE6C041A1E2C4 /* Products */,
			);
			sourceTree = "<group>";
		};
		B9564A5D52A397E34DAF1DE6 /* Packages */ = {
			isa = PBXGroup;
			children = (
				911D7DEF8CB2D674031B953C /* GhosttyEngine */,
				4916B8C433035DB9827E8DF6 /* SSHCore */,
				9DD4F05CEEF4A486E17BCFC1 /* TerminalCore */,
				EC2D89A4577901E0FF70B5FB /* TerminalRender */,
			);
			path = Packages;
			sourceTree = "<group>";
		};
		E30CAA5A4EA2066B45925270 /* App */ = {
			isa = PBXGroup;
			children = (
				F9211EEB2F9FE7191DDA0A91 /* Assets.xcassets */,
				FE7715EA1A26DB00BC41EB0C /* ConnectionModel.swift */,
				E782EE91A91CF8D57B4C2647 /* HostEditorView.swift */,
				3CE3DBF767613DEA56210592 /* HostListView.swift */,
				731526C7B108797D5F45E403 /* HostRecord.swift */,
				A65499EC7081306038E361E1 /* Info.plist */,
				A820ABD787EFF5FD17D36CD0 /* iOSSHApp.swift */,
				B938712F465427A4BB544D1E /* PrivacyInfo.xcprivacy */,
				2EA31AA44F8518AA368AF766 /* SettingsView.swift */,
				0FFC2F0CD866D558B0ED0BBC /* TailscaleAuthentication.swift */,
				A53EAFCE919B8B842360534F /* TailscaleHostImport.swift */,
				BF3D87F64507E681986AEBE8 /* TailscaleImportInbox.swift */,
				35A037EB5FE89576681C48D4 /* TailscaleImportView.swift */,
				1E7DD19FF9DCC45E75A2F9D9 /* TerminalFontLibrary.swift */,
				7188BD088FE6300D2A9269FB /* TerminalScreen.swift */,
				6C9A6999274AAB9CA7E0E5DF /* WorkspaceSessionStore.swift */,
				EB8540FEA55010EFB314B898 /* Resources */,
			);
			path = App;
			sourceTree = "<group>";
		};
		EB8540FEA55010EFB314B898 /* Resources */ = {
			isa = PBXGroup;
			children = (
				ABDE0513C54E763730592D8B /* ThirdPartyNotices.txt */,
			);
			path = Resources;
			sourceTree = "<group>";
		};
		F00F91F5FF05EAE553F61F79 /* shortcuts */ = {
			isa = PBXGroup;
			children = (
				63B7BC0CF805FC4D8AF1B475 /* Import Tailscale Hosts.shortcut */,
			);
			path = shortcuts;
			sourceTree = "<group>";
		};
/* End PBXGroup section */

/* Begin PBXNativeTarget section */
		0D52A55C69DFFC778BA398F2 /* iOSSHUITests */ = {
			isa = PBXNativeTarget;
			buildConfigurationList = 45BAE950F5B9FC8C98E8C4FD /* Build configuration list for PBXNativeTarget "iOSSHUITests" */;
			buildPhases = (
				41833AE81EEDEEEF4B63668A /* Sources */,
			);
			buildRules = (
			);
			dependencies = (
				7A7BAD8447439C9949E281F4 /* PBXTargetDependency */,
			);
			name = iOSSHUITests;
			packageProductDependencies = (
			);
			productName = iOSSHUITests;
			productReference = 39B02CC9A8E0EC4194268803 /* iOSSHUITests.xctest */;
			productType = "com.apple.product-type.bundle.ui-testing";
		};
		515949DA637A6FBA44E73BB9 /* iOSSHTests */ = {
			isa = PBXNativeTarget;
			buildConfigurationList = F6E0573C5D1B3904B9BC2538 /* Build configuration list for PBXNativeTarget "iOSSHTests" */;
			buildPhases = (
				A48DB92103606775087AD119 /* Sources */,
			);
			buildRules = (
			);
			dependencies = (
				BD9006BD70B717AFE2125B40 /* PBXTargetDependency */,
			);
			name = iOSSHTests;
			packageProductDependencies = (
			);
			productName = iOSSHTests;
			productReference = DDCDC6BD4F31DC56C1FB8334 /* iOSSHTests.xctest */;
			productType = "com.apple.product-type.bundle.unit-test";
		};
		536BE2A081DF16EA301C2AA6 /* iOSSH */ = {
			isa = PBXNativeTarget;
			buildConfigurationList = 1D46D7FE7D6E8F48AB470867 /* Build configuration list for PBXNativeTarget "iOSSH" */;
			buildPhases = (
				F384F7E1966EFB3B924C1CB1 /* Sources */,
				2891083D2FD31625E23698D4 /* Resources */,
				B8C17272D2EE80AB1044E748 /* Frameworks */,
			);
			buildRules = (
			);
			dependencies = (
			);
			name = iOSSH;
			packageProductDependencies = (
				38163878A4BC6D62D763B30D /* SSHCore */,
				4E52DB1E4E668CA302F66D9C /* TerminalCore */,
				0130968861023AF2207E184C /* TerminalRender */,
				33892EBDFF6FA3FEA57EB471 /* GhosttyEngine */,
			);
			productName = iOSSH;
			productReference = 6582940BDC26ABD3D4A5ECC0 /* iOSSH.app */;
			productType = "com.apple.product-type.application";
		};
/* End PBXNativeTarget section */

/* Begin PBXProject section */
		790875DD39E287483C04FCFE /* Project object */ = {
			isa = PBXProject;
			attributes = {
				BuildIndependentTargetsInParallel = YES;
				LastUpgradeCheck = 1430;
				TargetAttributes = {
					0D52A55C69DFFC778BA398F2 = {
						DevelopmentTeam = "";
						TestTargetID = 536BE2A081DF16EA301C2AA6;
					};
					515949DA637A6FBA44E73BB9 = {
						DevelopmentTeam = "";
					};
					536BE2A081DF16EA301C2AA6 = {
						DevelopmentTeam = "";
					};
				};
			};
			buildConfigurationList = 358845D3BA989F6A0F546900 /* Build configuration list for PBXProject "iOSSH" */;
			developmentRegion = en;
			hasScannedForEncodings = 0;
			knownRegions = (
				Base,
				en,
			);
			mainGroup = 81C89A0121B536FEDAD70BA2;
			minimizedProjectReferenceProxies = 1;
			packageReferences = (
				7E6FA5B1325BF32187EAA758 /* XCLocalSwiftPackageReference "spike/GhosttyEngine" */,
				55C826B0FBEB139E78B26EC0 /* XCLocalSwiftPackageReference "Packages/SSHCore" */,
				51838C0FD7659FD6A5A20066 /* XCLocalSwiftPackageReference "Packages/TerminalCore" */,
				B6A55A05C85A766D24D17B44 /* XCLocalSwiftPackageReference "Packages/TerminalRender" */,
			);
			preferredProjectObjectVersion = 77;
			productRefGroup = 2B0396B1E13EE6C041A1E2C4 /* Products */;
			projectDirPath = "";
			projectRoot = "";
			targets = (
				536BE2A081DF16EA301C2AA6 /* iOSSH */,
				515949DA637A6FBA44E73BB9 /* iOSSHTests */,
				0D52A55C69DFFC778BA398F2 /* iOSSHUITests */,
			);
		};
/* End PBXProject section */

/* Begin PBXResourcesBuildPhase section */
		2891083D2FD31625E23698D4 /* Resources */ = {
			isa = PBXResourcesBuildPhase;
			buildActionMask = 2147483647;
			files = (
				E70691CE9ADDC45D2BEB9E91 /* Assets.xcassets in Resources */,
				DF146B154BAA8213E7B1B8E9 /* Import Tailscale Hosts.shortcut in Resources */,
				51E87D6176851F433B89E663 /* PrivacyInfo.xcprivacy in Resources */,
				3492C275BD7A4FCD99475FF6 /* ThirdPartyNotices.txt in Resources */,
			);
			runOnlyForDeploymentPostprocessing = 0;
		};
/* End PBXResourcesBuildPhase section */

/* Begin PBXSourcesBuildPhase section */
		41833AE81EEDEEEF4B63668A /* Sources */ = {
			isa = PBXSourcesBuildPhase;
			buildActionMask = 2147483647;
			files = (
				434804C23161B0F2B6237EDD /* KeyboardResizeUITests.swift in Sources */,
				EFBBA1911C95BC26AB6B7E43 /* TailscaleImportUITests.swift in Sources */,
				903CE9BF45D214388BF6D148 /* iOSSHUITests.swift in Sources */,
				62771FFD9ACCA67D5D9B5D86 /* iPadWorkspaceUITests.swift in Sources */,
			);
			runOnlyForDeploymentPostprocessing = 0;
		};
		A48DB92103606775087AD119 /* Sources */ = {
			isa = PBXSourcesBuildPhase;
			buildActionMask = 2147483647;
			files = (
				09B00D9624EEB48DCF1CED77 /* ConnectionModelTests.swift in Sources */,
				01BA7E75EE871E15B772A475 /* ParserActorSupport.swift in Sources */,
				E299A2FA4BEE670E0E2B52B9 /* TailscaleHostImportTests.swift in Sources */,
				915A3A7E7C7CE63EE678F12A /* TailscaleImportInboxTests.swift in Sources */,
				8F4B8DAFEB8A0D194C6CF2C0 /* TailscaleImportPresentationTests.swift in Sources */,
				D341BFE2D1EA934CE964B2A0 /* TerminalBlockGraphicsTests.swift in Sources */,
				C7969DFDF165C28DBB2963D6 /* TerminalFontLibraryTests.swift in Sources */,
				BA6AECCD800D72CE129DC4E4 /* TerminalFontTests.swift in Sources */,
				D18D09E95C6FB0D022EE139E /* TerminalInputTests.swift in Sources */,
				E91839CE51901FE6F41107AE /* TerminalOutputTests.swift in Sources */,
				85A7403002AEFDFC2C5BF570 /* TerminalResizeTests.swift in Sources */,
				375F741B0F46FCFBDD506F79 /* TerminalViewportTests.swift in Sources */,
				C751C5F514747A2B374CE4F1 /* WorkspaceLayoutTests.swift in Sources */,
				407DB701B5407F8FC90DAD8E /* WorkspaceSessionStoreTests.swift in Sources */,
			);
			runOnlyForDeploymentPostprocessing = 0;
		};
		F384F7E1966EFB3B924C1CB1 /* Sources */ = {
			isa = PBXSourcesBuildPhase;
			buildActionMask = 2147483647;
			files = (
				706F45A9C7157D1CA3EA654C /* ConnectionModel.swift in Sources */,
				B3F89ED2F0A6C38B69BAFC31 /* HostEditorView.swift in Sources */,
				F009168C381D399C08D1F85C /* HostListView.swift in Sources */,
				98D885FE7E950703592F9A9C /* HostRecord.swift in Sources */,
				AB1D90C2A88DAC5B0A78F4AE /* SettingsView.swift in Sources */,
				BE99510FCB268470B6D7B28F /* TailscaleAuthentication.swift in Sources */,
				126F1F2E6A74A9F1358D33A7 /* TailscaleHostImport.swift in Sources */,
				1A27F80BD8BA8845F5431492 /* TailscaleImportInbox.swift in Sources */,
				EEBBF911C1080FB513189120 /* TailscaleImportView.swift in Sources */,
				55459D363C125EAF131E7468 /* TerminalFontLibrary.swift in Sources */,
				8D2E35E605963429BD612C59 /* TerminalScreen.swift in Sources */,
				0A37B46631C09EB022B91999 /* WorkspaceSessionStore.swift in Sources */,
				56871077B21118045B3150B3 /* iOSSHApp.swift in Sources */,
			);
			runOnlyForDeploymentPostprocessing = 0;
		};
/* End PBXSourcesBuildPhase section */

/* Begin PBXTargetDependency section */
		7A7BAD8447439C9949E281F4 /* PBXTargetDependency */ = {
			isa = PBXTargetDependency;
			target = 536BE2A081DF16EA301C2AA6 /* iOSSH */;
			targetProxy = F33085528020B21154F82EFC /* PBXContainerItemProxy */;
		};
		BD9006BD70B717AFE2125B40 /* PBXTargetDependency */ = {
			isa = PBXTargetDependency;
			target = 536BE2A081DF16EA301C2AA6 /* iOSSH */;
			targetProxy = F808CF76FC8BAAE2A19F13AC /* PBXContainerItemProxy */;
		};
/* End PBXTargetDependency section */

/* Begin XCBuildConfiguration section */
		10D6EAFEB12BB870A85E1FCC /* Release */ = {
			isa = XCBuildConfiguration;
			buildSettings = {
				BUNDLE_LOADER = "$(TEST_HOST)";
				GENERATE_INFOPLIST_FILE = YES;
				LD_RUNPATH_SEARCH_PATHS = (
					"$(inherited)",
					"@executable_path/Frameworks",
					"@loader_path/Frameworks",
				);
				PRODUCT_BUNDLE_IDENTIFIER = "io.github.m96-chan.iossh.uitests";
				SDKROOT = iphoneos;
				TARGETED_DEVICE_FAMILY = "1,2";
				TEST_TARGET_NAME = iOSSH;
			};
			name = Release;
		};
		29BFF7B23C4DC0C02123C85B /* Debug */ = {
			isa = XCBuildConfiguration;
			buildSettings = {
				BUNDLE_LOADER = "$(TEST_HOST)";
				GENERATE_INFOPLIST_FILE = YES;
				LD_RUNPATH_SEARCH_PATHS = (
					"$(inherited)",
					"@executable_path/Frameworks",
					"@loader_path/Frameworks",
				);
				PRODUCT_BUNDLE_IDENTIFIER = "io.github.m96-chan.iossh.tests";
				SDKROOT = iphoneos;
				TARGETED_DEVICE_FAMILY = "1,2";
				TEST_HOST = "$(BUILT_PRODUCTS_DIR)/iOSSH.app/iOSSH";
			};
			name = Debug;
		};
		56886B15AFE74099F65CD849 /* Release */ = {
			isa = XCBuildConfiguration;
			buildSettings = {
				ALWAYS_SEARCH_USER_PATHS = NO;
				CLANG_ANALYZER_NONNULL = YES;
				CLANG_ANALYZER_NUMBER_OBJECT_CONVERSION = YES_AGGRESSIVE;
				CLANG_CXX_LANGUAGE_STANDARD = "gnu++14";
				CLANG_CXX_LIBRARY = "libc++";
				CLANG_ENABLE_MODULES = YES;
				CLANG_ENABLE_OBJC_ARC = YES;
				CLANG_ENABLE_OBJC_WEAK = YES;
				CLANG_WARN_BLOCK_CAPTURE_AUTORELEASING = YES;
				CLANG_WARN_BOOL_CONVERSION = YES;
				CLANG_WARN_COMMA = YES;
				CLANG_WARN_CONSTANT_CONVERSION = YES;
				CLANG_WARN_DEPRECATED_OBJC_IMPLEMENTATIONS = YES;
				CLANG_WARN_DIRECT_OBJC_ISA_USAGE = YES_ERROR;
				CLANG_WARN_DOCUMENTATION_COMMENTS = YES;
				CLANG_WARN_EMPTY_BODY = YES;
				CLANG_WARN_ENUM_CONVERSION = YES;
				CLANG_WARN_INFINITE_RECURSION = YES;
				CLANG_WARN_INT_CONVERSION = YES;
				CLANG_WARN_NON_LITERAL_NULL_CONVERSION = YES;
				CLANG_WARN_OBJC_IMPLICIT_RETAIN_SELF = YES;
				CLANG_WARN_OBJC_LITERAL_CONVERSION = YES;
				CLANG_WARN_OBJC_ROOT_CLASS = YES_ERROR;
				CLANG_WARN_QUOTED_INCLUDE_IN_FRAMEWORK_HEADER = YES;
				CLANG_WARN_RANGE_LOOP_ANALYSIS = YES;
				CLANG_WARN_STRICT_PROTOTYPES = YES;
				CLANG_WARN_SUSPICIOUS_MOVE = YES;
				CLANG_WARN_UNGUARDED_AVAILABILITY = YES_AGGRESSIVE;
				CLANG_WARN_UNREACHABLE_CODE = YES;
				CLANG_WARN__DUPLICATE_METHOD_MATCH = YES;
				COPY_PHASE_STRIP = NO;
				DEBUG_INFORMATION_FORMAT = "dwarf-with-dsym";
				DEVELOPMENT_TEAM = "";
				ENABLE_NS_ASSERTIONS = NO;
				ENABLE_STRICT_OBJC_MSGSEND = YES;
				GCC_C_LANGUAGE_STANDARD = gnu11;
				GCC_NO_COMMON_BLOCKS = YES;
				GCC_WARN_64_TO_32_BIT_CONVERSION = YES;
				GCC_WARN_ABOUT_RETURN_TYPE = YES_ERROR;
				GCC_WARN_UNDECLARED_SELECTOR = YES;
				GCC_WARN_UNINITIALIZED_AUTOS = YES_AGGRESSIVE;
				GCC_WARN_UNUSED_FUNCTION = YES;
				GCC_WARN_UNUSED_VARIABLE = YES;
				IPHONEOS_DEPLOYMENT_TARGET = 17.0;
				MTL_ENABLE_DEBUG_INFO = NO;
				MTL_FAST_MATH = YES;
				PRODUCT_NAME = "$(TARGET_NAME)";
				SDKROOT = iphoneos;
				SWIFT_COMPILATION_MODE = wholemodule;
				SWIFT_OPTIMIZATION_LEVEL = "-O";
				SWIFT_STRICT_CONCURRENCY = complete;
				SWIFT_VERSION = 6.0;
			};
			name = Release;
		};
		7BA00DD9ED1E41AE27A2B716 /* Debug */ = {
			isa = XCBuildConfiguration;
			buildSettings = {
				ASSETCATALOG_COMPILER_APPICON_NAME = AppIcon;
				CODE_SIGN_IDENTITY = "iPhone Developer";
				CURRENT_PROJECT_VERSION = 13;
				GENERATE_INFOPLIST_FILE = NO;
				INFOPLIST_FILE = App/Info.plist;
				LD_RUNPATH_SEARCH_PATHS = (
					"$(inherited)",
					"@executable_path/Frameworks",
				);
				MARKETING_VERSION = 0.1.0;
				PRODUCT_BUNDLE_IDENTIFIER = "io.github.m96-chan.iossh";
				PRODUCT_NAME = iOSSH;
				SDKROOT = iphoneos;
				TARGETED_DEVICE_FAMILY = "1,2";
			};
			name = Debug;
		};
		93E677414DACC886C355DFDB /* Debug */ = {
			isa = XCBuildConfiguration;
			buildSettings = {
				BUNDLE_LOADER = "$(TEST_HOST)";
				GENERATE_INFOPLIST_FILE = YES;
				LD_RUNPATH_SEARCH_PATHS = (
					"$(inherited)",
					"@executable_path/Frameworks",
					"@loader_path/Frameworks",
				);
				PRODUCT_BUNDLE_IDENTIFIER = "io.github.m96-chan.iossh.uitests";
				SDKROOT = iphoneos;
				TARGETED_DEVICE_FAMILY = "1,2";
				TEST_TARGET_NAME = iOSSH;
			};
			name = Debug;
		};
		A3A8E2C20F949D239A91F1A1 /* Release */ = {
			isa = XCBuildConfiguration;
			buildSettings = {
				BUNDLE_LOADER = "$(TEST_HOST)";
				GENERATE_INFOPLIST_FILE = YES;
				LD_RUNPATH_SEARCH_PATHS = (
					"$(inherited)",
					"@executable_path/Frameworks",
					"@loader_path/Frameworks",
				);
				PRODUCT_BUNDLE_IDENTIFIER = "io.github.m96-chan.iossh.tests";
				SDKROOT = iphoneos;
				TARGETED_DEVICE_FAMILY = "1,2";
				TEST_HOST = "$(BUILT_PRODUCTS_DIR)/iOSSH.app/iOSSH";
			};
			name = Release;
		};
		B32A0DC0B01079EA7D73FC09 /* Release */ = {
			isa = XCBuildConfiguration;
			buildSettings = {
				ASSETCATALOG_COMPILER_APPICON_NAME = AppIcon;
				CODE_SIGN_IDENTITY = "iPhone Developer";
				CURRENT_PROJECT_VERSION = 13;
				GENERATE_INFOPLIST_FILE = NO;
				INFOPLIST_FILE = App/Info.plist;
				LD_RUNPATH_SEARCH_PATHS = (
					"$(inherited)",
					"@executable_path/Frameworks",
				);
				MARKETING_VERSION = 0.1.0;
				PRODUCT_BUNDLE_IDENTIFIER = "io.github.m96-chan.iossh";
				PRODUCT_NAME = iOSSH;
				SDKROOT = iphoneos;
				TARGETED_DEVICE_FAMILY = "1,2";
			};
			name = Release;
		};
		DAB28AB892A516E90F588D72 /* Debug */ = {
			isa = XCBuildConfiguration;
			buildSettings = {
				ALWAYS_SEARCH_USER_PATHS = NO;
				CLANG_ANALYZER_NONNULL = YES;
				CLANG_ANALYZER_NUMBER_OBJECT_CONVERSION = YES_AGGRESSIVE;
				CLANG_CXX_LANGUAGE_STANDARD = "gnu++14";
				CLANG_CXX_LIBRARY = "libc++";
				CLANG_ENABLE_MODULES = YES;
				CLANG_ENABLE_OBJC_ARC = YES;
				CLANG_ENABLE_OBJC_WEAK = YES;
				CLANG_WARN_BLOCK_CAPTURE_AUTORELEASING = YES;
				CLANG_WARN_BOOL_CONVERSION = YES;
				CLANG_WARN_COMMA = YES;
				CLANG_WARN_CONSTANT_CONVERSION = YES;
				CLANG_WARN_DEPRECATED_OBJC_IMPLEMENTATIONS = YES;
				CLANG_WARN_DIRECT_OBJC_ISA_USAGE = YES_ERROR;
				CLANG_WARN_DOCUMENTATION_COMMENTS = YES;
				CLANG_WARN_EMPTY_BODY = YES;
				CLANG_WARN_ENUM_CONVERSION = YES;
				CLANG_WARN_INFINITE_RECURSION = YES;
				CLANG_WARN_INT_CONVERSION = YES;
				CLANG_WARN_NON_LITERAL_NULL_CONVERSION = YES;
				CLANG_WARN_OBJC_IMPLICIT_RETAIN_SELF = YES;
				CLANG_WARN_OBJC_LITERAL_CONVERSION = YES;
				CLANG_WARN_OBJC_ROOT_CLASS = YES_ERROR;
				CLANG_WARN_QUOTED_INCLUDE_IN_FRAMEWORK_HEADER = YES;
				CLANG_WARN_RANGE_LOOP_ANALYSIS = YES;
				CLANG_WARN_STRICT_PROTOTYPES = YES;
				CLANG_WARN_SUSPICIOUS_MOVE = YES;
				CLANG_WARN_UNGUARDED_AVAILABILITY = YES_AGGRESSIVE;
				CLANG_WARN_UNREACHABLE_CODE = YES;
				CLANG_WARN__DUPLICATE_METHOD_MATCH = YES;
				COPY_PHASE_STRIP = NO;
				DEBUG_INFORMATION_FORMAT = dwarf;
				DEVELOPMENT_TEAM = "";
				ENABLE_STRICT_OBJC_MSGSEND = YES;
				ENABLE_TESTABILITY = YES;
				GCC_C_LANGUAGE_STANDARD = gnu11;
				GCC_DYNAMIC_NO_PIC = NO;
				GCC_NO_COMMON_BLOCKS = YES;
				GCC_OPTIMIZATION_LEVEL = 0;
				GCC_PREPROCESSOR_DEFINITIONS = (
					"$(inherited)",
					"DEBUG=1",
				);
				GCC_WARN_64_TO_32_BIT_CONVERSION = YES;
				GCC_WARN_ABOUT_RETURN_TYPE = YES_ERROR;
				GCC_WARN_UNDECLARED_SELECTOR = YES;
				GCC_WARN_UNINITIALIZED_AUTOS = YES_AGGRESSIVE;
				GCC_WARN_UNUSED_FUNCTION = YES;
				GCC_WARN_UNUSED_VARIABLE = YES;
				IPHONEOS_DEPLOYMENT_TARGET = 17.0;
				MTL_ENABLE_DEBUG_INFO = INCLUDE_SOURCE;
				MTL_FAST_MATH = YES;
				ONLY_ACTIVE_ARCH = YES;
				PRODUCT_NAME = "$(TARGET_NAME)";
				SDKROOT = iphoneos;
				SWIFT_ACTIVE_COMPILATION_CONDITIONS = DEBUG;
				SWIFT_OPTIMIZATION_LEVEL = "-Onone";
				SWIFT_STRICT_CONCURRENCY = complete;
				SWIFT_VERSION = 6.0;
			};
			name = Debug;
		};
/* End XCBuildConfiguration section */

/* Begin XCConfigurationList section */
		1D46D7FE7D6E8F48AB470867 /* Build configuration list for PBXNativeTarget "iOSSH" */ = {
			isa = XCConfigurationList;
			buildConfigurations = (
				7BA00DD9ED1E41AE27A2B716 /* Debug */,
				B32A0DC0B01079EA7D73FC09 /* Release */,
			);
			defaultConfigurationIsVisible = 0;
			defaultConfigurationName = Debug;
		};
		358845D3BA989F6A0F546900 /* Build configuration list for PBXProject "iOSSH" */ = {
			isa = XCConfigurationList;
			buildConfigurations = (
				DAB28AB892A516E90F588D72 /* Debug */,
				56886B15AFE74099F65CD849 /* Release */,
			);
			defaultConfigurationIsVisible = 0;
			defaultConfigurationName = Debug;
		};
		45BAE950F5B9FC8C98E8C4FD /* Build configuration list for PBXNativeTarget "iOSSHUITests" */ = {
			isa = XCConfigurationList;
			buildConfigurations = (
				93E677414DACC886C355DFDB /* Debug */,
				10D6EAFEB12BB870A85E1FCC /* Release */,
			);
			defaultConfigurationIsVisible = 0;
			defaultConfigurationName = Debug;
		};
		F6E0573C5D1B3904B9BC2538 /* Build configuration list for PBXNativeTarget "iOSSHTests" */ = {
			isa = XCConfigurationList;
			buildConfigurations = (
				29BFF7B23C4DC0C02123C85B /* Debug */,
				A3A8E2C20F949D239A91F1A1 /* Release */,
			);
			defaultConfigurationIsVisible = 0;
			defaultConfigurationName = Debug;
		};
/* End XCConfigurationList section */

/* Begin XCLocalSwiftPackageReference section */
		51838C0FD7659FD6A5A20066 /* XCLocalSwiftPackageReference "Packages/TerminalCore" */ = {
			isa = XCLocalSwiftPackageReference;
			relativePath = Packages/TerminalCore;
		};
		55C826B0FBEB139E78B26EC0 /* XCLocalSwiftPackageReference "Packages/SSHCore" */ = {
			isa = XCLocalSwiftPackageReference;
			relativePath = Packages/SSHCore;
		};
		7E6FA5B1325BF32187EAA758 /* XCLocalSwiftPackageReference "spike/GhosttyEngine" */ = {
			isa = XCLocalSwiftPackageReference;
			relativePath = spike/GhosttyEngine;
		};
		B6A55A05C85A766D24D17B44 /* XCLocalSwiftPackageReference "Packages/TerminalRender" */ = {
			isa = XCLocalSwiftPackageReference;
			relativePath = Packages/TerminalRender;
		};
/* End XCLocalSwiftPackageReference section */

/* Begin XCSwiftPackageProductDependency section */
		0130968861023AF2207E184C /* TerminalRender */ = {
			isa = XCSwiftPackageProductDependency;
			productName = TerminalRender;
		};
		33892EBDFF6FA3FEA57EB471 /* GhosttyEngine */ = {
			isa = XCSwiftPackageProductDependency;
			productName = GhosttyEngine;
		};
		38163878A4BC6D62D763B30D /* SSHCore */ = {
			isa = XCSwiftPackageProductDependency;
			productName = SSHCore;
		};
		4E52DB1E4E668CA302F66D9C /* TerminalCore */ = {
			isa = XCSwiftPackageProductDependency;
			productName = TerminalCore;
		};
/* End XCSwiftPackageProductDependency section */
	};
	rootObject = 790875DD39E287483C04FCFE /* Project object */;
}
